# This file is automatically @generated by Cargo.
# It is not intended for manual editing.
version = 4

[[package]]
name = "azathoth-core"
version = "0.1.1"
source = "registry+https://github.com/rust-lang/crates.io-index"
checksum = "91e2d046db186928ab3830c86911c3341e52c0e7d6721bfa3323d62d554c5b76"

[[package]]
name = "azathoth-utils"
version = "0.1.2"
source = "registry+https://github.com/rust-lang/crates.io-index"
checksum = "7ae6d5ef6779d95ad4dcd384167f28fc75e37f4dfa266d3b429aab631921175a"
dependencies = [
 "azathoth-core",
]

[[package]]
name = "azathoth_libload"
version = "0.1.3"
source = "registry+https://github.com/rust-lang/crates.io-index"
checksum = "b2f249033e15c5b975468f4ee084958656534bd3c8e1d2aef7b0857931a50366"
dependencies = [
 "azathoth-core",
 "azathoth-utils",
]

[[package]]
name = "azathoth_logger"
version = "0.1.0"
dependencies = [
 "azathoth-core",
 "azathoth-utils",
 "azathoth_libload",
]
